// !$*UTF8*$!
{
	archiveVersion = 1;
	classes = {
	};
	objectVersion = 46;
	objects = {

/* Begin PBXBuildFile section */
		A0BBE0525D436539FAC223BA /* libPods-ProjectTestTests.a in Frameworks */ = {isa = PBXBuildFile; fileRef = DC23CA3F517A892679E66766 /* libPods-ProjectTestTests.a */; };
		D64A6CB41B0C65C20077B105 /* main.m in Sources */ = {isa = PBXBuildFile; fileRef = D64A6CB31B0C65C20077B105 /* main.m */; };
		D64A6CB71B0C65C20077B105 /* AppDelegate.m in Sources */ = {isa = PBXBuildFile; fileRef = D64A6CB61B0C65C20077B105 /* AppDelegate.m */; };
		D64A6CBA1B0C65C20077B105 /* ViewController.mm in Sources */ = {isa = PBXBuildFile; fileRef = D64A6CB91B0C65C20077B105 /* ViewController.mm */; };
		D64A6CBD1B0C65C20077B105 /* Main.storyboard in Resources */ = {isa = PBXBuildFile; fileRef = D64A6CBB1B0C65C20077B105 /* Main.storyboard */; };
		D64A6CBF1B0C65C20077B105 /* Images.xcassets in Resources */ = {isa = PBXBuildFile; fileRef = D64A6CBE1B0C65C20077B105 /* Images.xcassets */; };
		D64A6CC21B0C65C20077B105 /* LaunchScreen.xib in Resources */ = {isa = PBXBuildFile; fileRef = D64A6CC01B0C65C20077B105 /* LaunchScreen.xib */; };
		D64A6CCE1B0C65C20077B105 /* ProjectTestTests.m in Sources */ = {isa = PBXBuildFile; fileRef = D64A6CCD1B0C65C20077B105 /* ProjectTestTests.m */; };
		D64A6CD91B0C77710077B105 /* SimpleString.m in Sources */ = {isa = PBXBuildFile; fileRef = D64A6CD81B0C77710077B105 /* SimpleString.m */; };
		D64A6CDC1B0C7C380077B105 /* VVStackSpec.m in Sources */ = {isa = PBXBuildFile; fileRef = D64A6CDB1B0C7C380077B105 /* VVStackSpec.m */; };
		D64A6CDF1B0C7C820077B105 /* VVStack.m in Sources */ = {isa = PBXBuildFile; fileRef = D64A6CDE1B0C7C820077B105 /* VVStack.m */; };
		D6DC72671B0F2425007A8506 /* Store.m in Sources */ = {isa = PBXBuildFile; fileRef = D6DC72641B0F2425007A8506 /* Store.m */; };
		D6DC72681B0F2425007A8506 /* User.m in Sources */ = {isa = PBXBuildFile; fileRef = D6DC72661B0F2425007A8506 /* User.m */; };
		D6DC72701B0F2479007A8506 /* star.png in Resources */ = {isa = PBXBuildFile; fileRef = D6DC726E1B0F2479007A8506 /* star.png */; };
		D6DC72711B0F2479007A8506 /* star@2x.png in Resources */ = {isa = PBXBuildFile; fileRef = D6DC726F1B0F2479007A8506 /* star@2x.png */; };
		D6DC728F1B0F2485007A8506 /* ArrayDataSource.m in Sources */ = {isa = PBXBuildFile; fileRef = D6DC72731B0F2485007A8506 /* ArrayDataSource.m */; };
		D6DC72901B0F2485007A8506 /* Default-568h@2x.png in Resources */ = {isa = PBXBuildFile; fileRef = D6DC72741B0F2485007A8506 /* Default-568h@2x.png */; };
		D6DC72911B0F2485007A8506 /* Default.png in Resources */ = {isa = PBXBuildFile; fileRef = D6DC72751B0F2485007A8506 /* Default.png */; };
		D6DC72921B0F2485007A8506 /* Default@2x.png in Resources */ = {isa = PBXBuildFile; fileRef = D6DC72761B0F2485007A8506 /* Default@2x.png */; };
		D6DC72931B0F2485007A8506 /* DetailsViewController.m in Sources */ = {isa = PBXBuildFile; fileRef = D6DC72781B0F2485007A8506 /* DetailsViewController.m */; };
		D6DC72941B0F2485007A8506 /* DetailsViewController.xib in Resources */ = {isa = PBXBuildFile; fileRef = D6DC72791B0F2485007A8506 /* DetailsViewController.xib */; };
		D6DC72951B0F2485007A8506 /* DetailViewController.m in Sources */ = {isa = PBXBuildFile; fileRef = D6DC727B1B0F2485007A8506 /* DetailViewController.m */; };
		D6DC72961B0F2485007A8506 /* photo-data.bin in Resources */ = {isa = PBXBuildFile; fileRef = D6DC727C1B0F2485007A8506 /* photo-data.bin */; };
		D6DC72971B0F2485007A8506 /* Photo.m in Sources */ = {isa = PBXBuildFile; fileRef = D6DC727E1B0F2485007A8506 /* Photo.m */; };
		D6DC72981B0F2485007A8506 /* PhotoCell.m in Sources */ = {isa = PBXBuildFile; fileRef = D6DC72801B0F2485007A8506 /* PhotoCell.m */; };
		D6DC72991B0F2485007A8506 /* PhotoCell.xib in Resources */ = {isa = PBXBuildFile; fileRef = D6DC72811B0F2485007A8506 /* PhotoCell.xib */; };
		D6DC729A1B0F2485007A8506 /* PhotoCell+ConfigureForPhoto.m in Sources */ = {isa = PBXBuildFile; fileRef = D6DC72831B0F2485007A8506 /* PhotoCell+ConfigureForPhoto.m */; };
		D6DC729B1B0F2485007A8506 /* photodata.bin in Resources */ = {isa = PBXBuildFile; fileRef = D6DC72841B0F2485007A8506 /* photodata.bin */; };
		D6DC729C1B0F2485007A8506 /* PhotoDetailViewController.xib in Resources */ = {isa = PBXBuildFile; fileRef = D6DC72851B0F2485007A8506 /* PhotoDetailViewController.xib */; };
		D6DC729D1B0F2485007A8506 /* PhotosViewController.m in Sources */ = {isa = PBXBuildFile; fileRef = D6DC72871B0F2485007A8506 /* PhotosViewController.m */; };
		D6DC729E1B0F2485007A8506 /* PhotosViewController.xib in Resources */ = {isa = PBXBuildFile; fileRef = D6DC72881B0F2485007A8506 /* PhotosViewController.xib */; };
		D6DC729F1B0F2485007A8506 /* PhotoViewController.m in Sources */ = {isa = PBXBuildFile; fileRef = D6DC728A1B0F2485007A8506 /* PhotoViewController.m */; };
		D6DC72A01B0F2485007A8506 /* PhotoViewController.xib in Resources */ = {isa = PBXBuildFile; fileRef = D6DC728B1B0F2485007A8506 /* PhotoViewController.xib */; };
		D6DC72A11B0F2485007A8506 /* RatingCell.m in Sources */ = {isa = PBXBuildFile; fileRef = D6DC728D1B0F2485007A8506 /* RatingCell.m */; };
		D6DC72A21B0F2485007A8506 /* RatingCell.xib in Resources */ = {isa = PBXBuildFile; fileRef = D6DC728E1B0F2485007A8506 /* RatingCell.xib */; };
		D6DC72A71B0F249E007A8506 /* ArchiveReadingSpec.m in Sources */ = {isa = PBXBuildFile; fileRef = D6DC72A31B0F249E007A8506 /* ArchiveReadingSpec.m */; };
		D6DC72A81B0F249E007A8506 /* ArrayDataSourceSpec.m in Sources */ = {isa = PBXBuildFile; fileRef = D6DC72A41B0F249E007A8506 /* ArrayDataSourceSpec.m */; };
		D6DC72A91B0F249E007A8506 /* PhotoCellSpec.m in Sources */ = {isa = PBXBuildFile; fileRef = D6DC72A51B0F249E007A8506 /* PhotoCellSpec.m */; };
		D6DC72AA1B0F249E007A8506 /* PhotosViewControllerSpec.m in Sources */ = {isa = PBXBuildFile; fileRef = D6DC72A61B0F249E007A8506 /* PhotosViewControllerSpec.m */; };
/* End PBXBuildFile section */

/* Begin PBXContainerItemProxy section */
		D64A6CC81B0C65C20077B105 /* PBXContainerItemProxy */ = {
			isa = PBXContainerItemProxy;
			containerPortal = D64A6CA61B0C65C10077B105 /* Project object */;
			proxyType = 1;
			remoteGlobalIDString = D64A6CAD1B0C65C20077B105;
			remoteInfo = ProjectTest;
		};
/* End PBXContainerItemProxy section */

/* Begin PBXFileReference section */
		CAF5D48AAC30719660586CF6 /* Pods-ProjectTestTests.debug.xcconfig */ = {isa = PBXFileReference; includeInIndex = 1; lastKnownFileType = text.xcconfig; name = "Pods-ProjectTestTests.debug.xcconfig"; path = "Pods/Target Support Files/Pods-ProjectTestTests/Pods-ProjectTestTests.debug.xcconfig"; sourceTree = "<group>"; };
		D64A6CAE1B0C65C20077B105 /* ProjectTest.app */ = {isa = PBXFileReference; explicitFileType = wrapper.application; includeInIndex = 0; path = ProjectTest.app; sourceTree = BUILT_PRODUCTS_DIR; };
		D64A6CB21B0C65C20077B105 /* Info.plist */ = {isa = PBXFileReference; lastKnownFileType = text.plist.xml; path = Info.plist; sourceTree = "<group>"; };
		D64A6CB31B0C65C20077B105 /* main.m */ = {isa = PBXFileReference; lastKnownFileType = sourcecode.c.objc; path = main.m; sourceTree = "<group>"; };
		D64A6CB51B0C65C20077B105 /* AppDelegate.h */ = {isa = PBXFileReference; lastKnownFileType = sourcecode.c.h; path = AppDelegate.h; sourceTree = "<group>"; };
		D64A6CB61B0C65C20077B105 /* AppDelegate.m */ = {isa = PBXFileReference; lastKnownFileType = sourcecode.c.objc; path = AppDelegate.m; sourceTree = "<group>"; };
		D64A6CB81B0C65C20077B105 /* ViewController.h */ = {isa = PBXFileReference; lastKnownFileType = sourcecode.c.h; path = ViewController.h; sourceTree = "<group>"; };
		D64A6CB91B0C65C20077B105 /* ViewController.mm */ = {isa = PBXFileReference; lastKnownFileType = sourcecode.cpp.objcpp; path = ViewController.mm; sourceTree = "<group>"; };
		D64A6CBC1B0C65C20077B105 /* Base */ = {isa = PBXFileReference; lastKnownFileType = file.storyboard; name = Base; path = Base.lproj/Main.storyboard; sourceTree = "<group>"; };
		D64A6CBE1B0C65C20077B105 /* Images.xcassets */ = {isa = PBXFileReference; lastKnownFileType = folder.assetcatalog; path = Images.xcassets; sourceTree = "<group>"; };
		D64A6CC11B0C65C20077B105 /* Base */ = {isa = PBXFileReference; lastKnownFileType = file.xib; name = Base; path = Base.lproj/LaunchScreen.xib; sourceTree = "<group>"; };
		D64A6CC71B0C65C20077B105 /* ProjectTestTests.xctest */ = {isa = PBXFileReference; explicitFileType = wrapper.cfbundle; includeInIndex = 0; path = ProjectTestTests.xctest; sourceTree = BUILT_PRODUCTS_DIR; };
		D64A6CCC1B0C65C20077B105 /* Info.plist */ = {isa = PBXFileReference; lastKnownFileType = text.plist.xml; path = Info.plist; sourceTree = "<group>"; };
		D64A6CCD1B0C65C20077B105 /* ProjectTestTests.m */ = {isa = PBXFileReference; lastKnownFileType = sourcecode.c.objc; path = ProjectTestTests.m; sourceTree = "<group>"; };
		D64A6CD81B0C77710077B105 /* SimpleString.m */ = {isa = PBXFileReference; fileEncoding = 4; lastKnownFileType = sourcecode.c.objc; path = SimpleString.m; sourceTree = "<group>"; };
		D64A6CDB1B0C7C380077B105 /* VVStackSpec.m */ = {isa = PBXFileReference; fileEncoding = 4; lastKnownFileType = sourcecode.c.objc; path = VVStackSpec.m; sourceTree = "<group>"; };
		D64A6CDD1B0C7C820077B105 /* VVStack.h */ = {isa = PBXFileReference; fileEncoding = 4; lastKnownFileType = sourcecode.c.h; path = VVStack.h; sourceTree = "<group>"; };
		D64A6CDE1B0C7C820077B105 /* VVStack.m */ = {isa = PBXFileReference; fileEncoding = 4; lastKnownFileType = sourcecode.c.objc; path = VVStack.m; sourceTree = "<group>"; };
		D6DC72631B0F2425007A8506 /* Store.h */ = {isa = PBXFileReference; fileEncoding = 4; lastKnownFileType = sourcecode.c.h; path = Store.h; sourceTree = "<group>"; };
		D6DC72641B0F2425007A8506 /* Store.m */ = {isa = PBXFileReference; fileEncoding = 4; lastKnownFileType = sourcecode.c.objc; path = Store.m; sourceTree = "<group>"; };
		D6DC72651B0F2425007A8506 /* User.h */ = {isa = PBXFileReference; fileEncoding = 4; lastKnownFileType = sourcecode.c.h; path = User.h; sourceTree = "<group>"; };
		D6DC72661B0F2425007A8506 /* User.m */ = {isa = PBXFileReference; fileEncoding = 4; lastKnownFileType = sourcecode.c.objc; path = User.m; sourceTree = "<group>"; };
		D6DC726E1B0F2479007A8506 /* star.png */ = {isa = PBXFileReference; lastKnownFileType = image.png; path = star.png; sourceTree = "<group>"; };
		D6DC726F1B0F2479007A8506 /* star@2x.png */ = {isa = PBXFileReference; lastKnownFileType = image.png; path = "star@2x.png"; sourceTree = "<group>"; };
		D6DC72721B0F2485007A8506 /* ArrayDataSource.h */ = {isa = PBXFileReference; fileEncoding = 4; lastKnownFileType = sourcecode.c.h; path = ArrayDataSource.h; sourceTree = "<group>"; };
		D6DC72731B0F2485007A8506 /* ArrayDataSource.m */ = {isa = PBXFileReference; fileEncoding = 4; lastKnownFileType = sourcecode.c.objc; path = ArrayDataSource.m; sourceTree = "<group>"; };
		D6DC72741B0F2485007A8506 /* Default-568h@2x.png */ = {isa = PBXFileReference; lastKnownFileType = image.png; path = "Default-568h@2x.png"; sourceTree = "<group>"; };
		D6DC72751B0F2485007A8506 /* Default.png */ = {isa = PBXFileReference; lastKnownFileType = image.png; path = Default.png; sourceTree = "<group>"; };
		D6DC72761B0F2485007A8506 /* Default@2x.png */ = {isa = PBXFileReference; lastKnownFileType = image.png; path = "Default@2x.png"; sourceTree = "<group>"; };
		D6DC72771B0F2485007A8506 /* DetailsViewController.h */ = {isa = PBXFileReference; fileEncoding = 4; lastKnownFileType = sourcecode.c.h; path = DetailsViewController.h; sourceTree = "<group>"; };
		D6DC72781B0F2485007A8506 /* DetailsViewController.m */ = {isa = PBXFileReference; fileEncoding = 4; lastKnownFileType = sourcecode.c.objc; path = DetailsViewController.m; sourceTree = "<group>"; };
		D6DC72791B0F2485007A8506 /* DetailsViewController.xib */ = {isa = PBXFileReference; fileEncoding = 4; lastKnownFileType = file.xib; path = DetailsViewController.xib; sourceTree = "<group>"; };
		D6DC727A1B0F2485007A8506 /* DetailViewController.h */ = {isa = PBXFileReference; fileEncoding = 4; lastKnownFileType = sourcecode.c.h; path = DetailViewController.h; sourceTree = "<group>"; };
		D6DC727B1B0F2485007A8506 /* DetailViewController.m */ = {isa = PBXFileReference; fileEncoding = 4; lastKnownFileType = sourcecode.c.objc; path = DetailViewController.m; sourceTree = "<group>"; };
		D6DC727C1B0F2485007A8506 /* photo-data.bin */ = {isa = PBXFileReference; lastKnownFileType = archive.macbinary; path = "photo-data.bin"; sourceTree = "<group>"; };
		D6DC727D1B0F2485007A8506 /* Photo.h */ = {isa = PBXFileReference; fileEncoding = 4; lastKnownFileType = sourcecode.c.h; path = Photo.h; sourceTree = "<group>"; };
		D6DC727E1B0F2485007A8506 /* Photo.m */ = {isa = PBXFileReference; fileEncoding = 4; lastKnownFileType = sourcecode.c.objc; path = Photo.m; sourceTree = "<group>"; };
		D6DC727F1B0F2485007A8506 /* PhotoCell.h */ = {isa = PBXFileReference; fileEncoding = 4; lastKnownFileType = sourcecode.c.h; path = PhotoCell.h; sourceTree = "<group>"; };
		D6DC72801B0F2485007A8506 /* PhotoCell.m */ = {isa = PBXFileReference; fileEncoding = 4; lastKnownFileType = sourcecode.c.objc; path = PhotoCell.m; sourceTree = "<group>"; };
		D6DC72811B0F2485007A8506 /* PhotoCell.xib */ = {isa = PBXFileReference; fileEncoding = 4; lastKnownFileType = file.xib; path = PhotoCell.xib; sourceTree = "<group>"; };
		D6DC72821B0F2485007A8506 /* PhotoCell+ConfigureForPhoto.h */ = {isa = PBXFileReference; fileEncoding = 4; lastKnownFileType = sourcecode.c.h; path = "PhotoCell+ConfigureForPhoto.h"; sourceTree = "<group>"; };
		D6DC72831B0F2485007A8506 /* PhotoCell+ConfigureForPhoto.m */ = {isa = PBXFileReference; fileEncoding = 4; lastKnownFileType = sourcecode.c.objc; path = "PhotoCell+ConfigureForPhoto.m"; sourceTree = "<group>"; };
		D6DC72841B0F2485007A8506 /* photodata.bin */ = {isa = PBXFileReference; lastKnownFileType = archive.macbinary; path = photodata.bin; sourceTree = "<group>"; };
		D6DC72851B0F2485007A8506 /* PhotoDetailViewController.xib */ = {isa = PBXFileReference; fileEncoding = 4; lastKnownFileType = file.xib; path = PhotoDetailViewController.xib; sourceTree = "<group>"; };
		D6DC72861B0F2485007A8506 /* PhotosViewController.h */ = {isa = PBXFileReference; fileEncoding = 4; lastKnownFileType = sourcecode.c.h; path = PhotosViewController.h; sourceTree = "<group>"; };
		D6DC72871B0F2485007A8506 /* PhotosViewController.m */ = {isa = PBXFileReference; fileEncoding = 4; lastKnownFileType = sourcecode.c.objc; path = PhotosViewController.m; sourceTree = "<group>"; };
		D6DC72881B0F2485007A8506 /* PhotosViewController.xib */ = {isa = PBXFileReference; fileEncoding = 4; lastKnownFileType = file.xib; path = PhotosViewController.xib; sourceTree = "<group>"; };
		D6DC72891B0F2485007A8506 /* PhotoViewController.h */ = {isa = PBXFileReference; fileEncoding = 4; lastKnownFileType = sourcecode.c.h; path = PhotoViewController.h; sourceTree = "<group>"; };
		D6DC728A1B0F2485007A8506 /* PhotoViewController.m */ = {isa = PBXFileReference; fileEncoding = 4; lastKnownFileType = sourcecode.c.objc; path = PhotoViewController.m; sourceTree = "<group>"; };
		D6DC728B1B0F2485007A8506 /* PhotoViewController.xib */ = {isa = PBXFileReference; fileEncoding = 4; lastKnownFileType = file.xib; path = PhotoViewController.xib; sourceTree = "<group>"; };
		D6DC728C1B0F2485007A8506 /* RatingCell.h */ = {isa = PBXFileReference; fileEncoding = 4; lastKnownFileType = sourcecode.c.h; path = RatingCell.h; sourceTree = "<group>"; };
		D6DC728D1B0F2485007A8506 /* RatingCell.m */ = {isa = PBXFileReference; fileEncoding = 4; lastKnownFileType = sourcecode.c.objc; path = RatingCell.m; sourceTree = "<group>"; };
		D6DC728E1B0F2485007A8506 /* RatingCell.xib */ = {isa = PBXFileReference; fileEncoding = 4; lastKnownFileType = file.xib; path = RatingCell.xib; sourceTree = "<group>"; };
		D6DC72A31B0F249E007A8506 /* ArchiveReadingSpec.m */ = {isa = PBXFileReference; fileEncoding = 4; lastKnownFileType = sourcecode.c.objc; path = ArchiveReadingSpec.m; sourceTree = "<group>"; };
		D6DC72A41B0F249E007A8506 /* ArrayDataSourceSpec.m */ = {isa = PBXFileReference; fileEncoding = 4; lastKnownFileType = sourcecode.c.objc; path = ArrayDataSourceSpec.m; sourceTree = "<group>"; };
		D6DC72A51B0F249E007A8506 /* PhotoCellSpec.m */ = {isa = PBXFileReference; fileEncoding = 4; lastKnownFileType = sourcecode.c.objc; path = PhotoCellSpec.m; sourceTree = "<group>"; };
		D6DC72A61B0F249E007A8506 /* PhotosViewControllerSpec.m */ = {isa = PBXFileReference; fileEncoding = 4; lastKnownFileType = sourcecode.c.objc; path = PhotosViewControllerSpec.m; sourceTree = "<group>"; };
		DC23CA3F517A892679E66766 /* libPods-ProjectTestTests.a */ = {isa = PBXFileReference; explicitFileType = archive.ar; includeInIndex = 0; path = "libPods-ProjectTestTests.a"; sourceTree = BUILT_PRODUCTS_DIR; };
		F899AEAF6EBCC7F741009C95 /* Pods-ProjectTestTests.release.xcconfig */ = {isa = PBXFileReference; includeInIndex = 1; lastKnownFileType = text.xcconfig; name = "Pods-ProjectTestTests.release.xcconfig"; path = "Pods/Target Support Files/Pods-ProjectTestTests/Pods-ProjectTestTests.release.xcconfig"; sourceTree = "<group>"; };
/* End PBXFileReference section */

/* Begin PBXFrameworksBuildPhase section */
		D64A6CAB1B0C65C20077B105 /* Frameworks */ = {
			isa = PBXFrameworksBuildPhase;
			buildActionMask = 2147483647;
			files = (
			);
			runOnlyForDeploymentPostprocessing = 0;
		};
		D64A6CC41B0C65C20077B105 /* Frameworks */ = {
			isa = PBXFrameworksBuildPhase;
			buildActionMask = 2147483647;
			files = (
				A0BBE0525D436539FAC223BA /* libPods-ProjectTestTests.a in Frameworks */,
			);
			runOnlyForDeploymentPostprocessing = 0;
		};
/* End PBXFrameworksBuildPhase section */

/* Begin PBXGroup section */
		21766802FE52F5080FB65D97 /* Frameworks */ = {
			isa = PBXGroup;
			children = (
				DC23CA3F517A892679E66766 /* libPods-ProjectTestTests.a */,
			);
			name = Frameworks;
			sourceTree = "<group>";
		};
		AE88B31C56CE6CE39F9BB40B /* Pods */ = {
			isa = PBXGroup;
			children = (
				CAF5D48AAC30719660586CF6 /* Pods-ProjectTestTests.debug.xcconfig */,
				F899AEAF6EBCC7F741009C95 /* Pods-ProjectTestTests.release.xcconfig */,
			);
			name = Pods;
			sourceTree = "<group>";
		};
		D64A6CA51B0C65C10077B105 = {
			isa = PBXGroup;
			children = (
				D64A6CB01B0C65C20077B105 /* ProjectTest */,
				D64A6CCA1B0C65C20077B105 /* ProjectTestTests */,
				D64A6CAF1B0C65C20077B105 /* Products */,
				AE88B31C56CE6CE39F9BB40B /* Pods */,
				21766802FE52F5080FB65D97 /* Frameworks */,
			);
			sourceTree = "<group>";
		};
		D64A6CAF1B0C65C20077B105 /* Products */ = {
			isa = PBXGroup;
			children = (
				D64A6CAE1B0C65C20077B105 /* ProjectTest.app */,
				D64A6CC71B0C65C20077B105 /* ProjectTestTests.xctest */,
			);
			name = Products;
			sourceTree = "<group>";
		};
		D64A6CB01B0C65C20077B105 /* ProjectTest */ = {
			isa = PBXGroup;
			children = (
				D64A6CB51B0C65C20077B105 /* AppDelegate.h */,
				D64A6CB61B0C65C20077B105 /* AppDelegate.m */,
				D6DC726D1B0F246A007A8506 /* resource */,
				D6DC726C1B0F2461007A8506 /* code */,
				D6DC726A1B0F244A007A8506 /* model */,
				D6DC72691B0F2437007A8506 /* old */,
				D64A6CBB1B0C65C20077B105 /* Main.storyboard */,
				D64A6CBE1B0C65C20077B105 /* Images.xcassets */,
				D64A6CC01B0C65C20077B105 /* LaunchScreen.xib */,
				D64A6CB11B0C65C20077B105 /* Supporting Files */,
			);
			path = ProjectTest;
			sourceTree = "<group>";
		};
		D64A6CB11B0C65C20077B105 /* Supporting Files */ = {
			isa = PBXGroup;
			children = (
				D64A6CB21B0C65C20077B105 /* Info.plist */,
				D64A6CB31B0C65C20077B105 /* main.m */,
			);
			name = "Supporting Files";
			sourceTree = "<group>";
		};
		D64A6CCA1B0C65C20077B105 /* ProjectTestTests */ = {
			isa = PBXGroup;
			children = (
				D64A6CCD1B0C65C20077B105 /* ProjectTestTests.m */,
				D64A6CD81B0C77710077B105 /* SimpleString.m */,
				D64A6CDB1B0C7C380077B105 /* VVStackSpec.m */,
				D6DC72A31B0F249E007A8506 /* ArchiveReadingSpec.m */,
				D6DC72A41B0F249E007A8506 /* ArrayDataSourceSpec.m */,
				D6DC72A51B0F249E007A8506 /* PhotoCellSpec.m */,
				D6DC72A61B0F249E007A8506 /* PhotosViewControllerSpec.m */,
				D64A6CCB1B0C65C20077B105 /* Supporting Files */,
			);
			path = ProjectTestTests;
			sourceTree = "<group>";
		};
		D64A6CCB1B0C65C20077B105 /* Supporting Files */ = {
			isa = PBXGroup;
			children = (
				D64A6CCC1B0C65C20077B105 /* Info.plist */,
			);
			name = "Supporting Files";
			sourceTree = "<group>";
		};
		D6DC72691B0F2437007A8506 /* old */ = {
			isa = PBXGroup;
			children = (
				D64A6CB81B0C65C20077B105 /* ViewController.h */,
				D64A6CB91B0C65C20077B105 /* ViewController.mm */,
				D64A6CDD1B0C7C820077B105 /* VVStack.h */,
				D64A6CDE1B0C7C820077B105 /* VVStack.m */,
			);
			name = old;
			sourceTree = "<group>";
		};
		D6DC726A1B0F244A007A8506 /* model */ = {
			isa = PBXGroup;
			children = (
				D6DC72631B0F2425007A8506 /* Store.h */,
				D6DC72641B0F2425007A8506 /* Store.m */,
				D6DC72651B0F2425007A8506 /* User.h */,
				D6DC72661B0F2425007A8506 /* User.m */,
			);
			name = model;
			sourceTree = "<group>";
		};
		D6DC726C1B0F2461007A8506 /* code */ = {
			isa = PBXGroup;
			children = (
				D6DC72721B0F2485007A8506 /* ArrayDataSource.h */,
				D6DC72731B0F2485007A8506 /* ArrayDataSource.m */,
				D6DC72741B0F2485007A8506 /* Default-568h@2x.png */,
				D6DC72751B0F2485007A8506 /* Default.png */,
				D6DC72761B0F2485007A8506 /* Default@2x.png */,
				D6DC72771B0F2485007A8506 /* DetailsViewController.h */,
				D6DC72781B0F2485007A8506 /* DetailsViewController.m */,
				D6DC72791B0F2485007A8506 /* DetailsViewController.xib */,
				D6DC727A1B0F2485007A8506 /* DetailViewController.h */,
				D6DC727B1B0F2485007A8506 /* DetailViewController.m */,
				D6DC727C1B0F2485007A8506 /* photo-data.bin */,
				D6DC727D1B0F2485007A8506 /* Photo.h */,
				D6DC727E1B0F2485007A8506 /* Photo.m */,
				D6DC727F1B0F2485007A8506 /* PhotoCell.h */,
				D6DC72801B0F2485007A8506 /* PhotoCell.m */,
				D6DC72811B0F2485007A8506 /* PhotoCell.xib */,
				D6DC72821B0F2485007A8506 /* PhotoCell+ConfigureForPhoto.h */,
				D6DC72831B0F2485007A8506 /* PhotoCell+ConfigureForPhoto.m */,
				D6DC72841B0F2485007A8506 /* photodata.bin */,
				D6DC72851B0F2485007A8506 /* PhotoDetailViewController.xib */,
				D6DC72861B0F2485007A8506 /* PhotosViewController.h */,
				D6DC72871B0F2485007A8506 /* PhotosViewController.m */,
				D6DC72881B0F2485007A8506 /* PhotosViewController.xib */,
				D6DC72891B0F2485007A8506 /* PhotoViewController.h */,
				D6DC728A1B0F2485007A8506 /* PhotoViewController.m */,
				D6DC728B1B0F2485007A8506 /* PhotoViewController.xib */,
				D6DC728C1B0F2485007A8506 /* RatingCell.h */,
				D6DC728D1B0F2485007A8506 /* RatingCell.m */,
				D6DC728E1B0F2485007A8506 /* RatingCell.xib */,
			);
			name = code;
			sourceTree = "<group>";
		};
		D6DC726D1B0F246A007A8506 /* resource */ = {
			isa = PBXGroup;
			children = (
				D6DC726E1B0F2479007A8506 /* star.png */,
				D6DC726F1B0F2479007A8506 /* star@2x.png */,
			);
			name = resource;
			sourceTree = "<group>";
		};
/* End PBXGroup section */

/* Begin PBXNativeTarget section */
		D64A6CAD1B0C65C20077B105 /* ProjectTest */ = {
			isa = PBXNativeTarget;
			buildConfigurationList = D64A6CD11B0C65C20077B105 /* Build configuration list for PBXNativeTarget "ProjectTest" */;
			buildPhases = (
				D64A6CAA1B0C65C20077B105 /* Sources */,
				D64A6CAB1B0C65C20077B105 /* Frameworks */,
				D64A6CAC1B0C65C20077B105 /* Resources */,
			);
			buildRules = (
			);
			dependencies = (
			);
			name = ProjectTest;
			productName = ProjectTest;
			productReference = D64A6CAE1B0C65C20077B105 /* ProjectTest.app */;
			productType = "com.apple.product-type.application";
		};
		D64A6CC61B0C65C20077B105 /* ProjectTestTests */ = {
			isa = PBXNativeTarget;
			buildConfigurationList = D64A6CD41B0C65C20077B105 /* Build configuration list for PBXNativeTarget "ProjectTestTests" */;
			buildPhases = (
				5003886084CDB0B99B203588 /* Check Pods Manifest.lock */,
				D64A6CC31B0C65C20077B105 /* Sources */,
				D64A6CC41B0C65C20077B105 /* Frameworks */,
				D64A6CC51B0C65C20077B105 /* Resources */,
				EE9DA2020DFD70642B2B3906 /* Copy Pods Resources */,
			);
			buildRules = (
			);
			dependencies = (
				D64A6CC91B0C65C20077B105 /* PBXTargetDependency */,
			);
			name = ProjectTestTests;
			productName = ProjectTestTests;
			productReference = D64A6CC71B0C65C20077B105 /* ProjectTestTests.xctest */;
			productType = "com.apple.product-type.bundle.unit-test";
		};
/* End PBXNativeTarget section */

/* Begin PBXProject section */
		D64A6CA61B0C65C10077B105 /* Project object */ = {
			isa = PBXProject;
			attributes = {
				LastUpgradeCheck = 0630;
				ORGANIZATIONNAME = WorkMac;
				TargetAttributes = {
					D64A6CAD1B0C65C20077B105 = {
						CreatedOnToolsVersion = 6.3.1;
					};
					D64A6CC61B0C65C20077B105 = {
						CreatedOnToolsVersion = 6.3.1;
						TestTargetID = D64A6CAD1B0C65C20077B105;
					};
				};
			};
			buildConfigurationList = D64A6CA91B0C65C10077B105 /* Build configuration list for PBXProject "ProjectTest" */;
			compatibilityVersion = "Xcode 3.2";
			developmentRegion = English;
			hasScannedForEncodings = 0;
			knownRegions = (
				en,
				Base,
			);
			mainGroup = D64A6CA51B0C65C10077B105;
			productRefGroup = D64A6CAF1B0C65C20077B105 /* Products */;
			projectDirPath = "";
			projectRoot = "";
			targets = (
				D64A6CAD1B0C65C20077B105 /* ProjectTest */,
				D64A6CC61B0C65C20077B105 /* ProjectTestTests */,
			);
		};
/* End PBXProject section */

/* Begin PBXResourcesBuildPhase section */
		D64A6CAC1B0C65C20077B105 /* Resources */ = {
			isa = PBXResourcesBuildPhase;
			buildActionMask = 2147483647;
			files = (
				D6DC729C1B0F2485007A8506 /* PhotoDetailViewController.xib in Resources */,
				D6DC729B1B0F2485007A8506 /* photodata.bin in Resources */,
				D6DC72921B0F2485007A8506 /* Default@2x.png in Resources */,
				D64A6CBD1B0C65C20077B105 /* Main.storyboard in Resources */,
				D6DC72A21B0F2485007A8506 /* RatingCell.xib in Resources */,
				D6DC72711B0F2479007A8506 /* star@2x.png in Resources */,
				D6DC72991B0F2485007A8506 /* PhotoCell.xib in Resources */,
				D6DC72A01B0F2485007A8506 /* PhotoViewController.xib in Resources */,
				D6DC72701B0F2479007A8506 /* star.png in Resources */,
				D6DC72961B0F2485007A8506 /* photo-data.bin in Resources */,
				D64A6CC21B0C65C20077B105 /* LaunchScreen.xib in Resources */,
				D6DC72911B0F2485007A8506 /* Default.png in Resources */,
				D64A6CBF1B0C65C20077B105 /* Images.xcassets in Resources */,
				D6DC729E1B0F2485007A8506 /* PhotosViewController.xib in Resources */,
				D6DC72901B0F2485007A8506 /* Default-568h@2x.png in Resources */,
				D6DC72941B0F2485007A8506 /* DetailsViewController.xib in Resources */,
			);
			runOnlyForDeploymentPostprocessing = 0;
		};
		D64A6CC51B0C65C20077B105 /* Resources */ = {
			isa = PBXResourcesBuildPhase;
			buildActionMask = 2147483647;
			files = (
			);
			runOnlyForDeploymentPostprocessing = 0;
		};
/* End PBXResourcesBuildPhase section */

/* Begin PBXShellScriptBuildPhase section */
		5003886084CDB0B99B203588 /* Check Pods Manifest.lock */ = {
			isa = PBXShellScriptBuildPhase;
			buildActionMask = 2147483647;
			files = (
			);
			inputPaths = (
			);
			name = "Check Pods Manifest.lock";
			outputPaths = (
			);
			runOnlyForDeploymentPostprocessing = 0;
			shellPath = /bin/sh;
			shellScript = "diff \"${PODS_ROOT}/../Podfile.lock\" \"${PODS_ROOT}/Manifest.lock\" > /dev/null\nif [[ $? != 0 ]] ; then\n    cat << EOM\nerror: The sandbox is not in sync with the Podfile.lock. Run 'pod install' or update your CocoaPods installation.\nEOM\n    exit 1\nfi\n";
			showEnvVarsInLog = 0;
		};
		EE9DA2020DFD70642B2B3906 /* Copy Pods Resources */ = {
			isa = PBXShellScriptBuildPhase;
			buildActionMask = 2147483647;
			files = (
			);
			inputPaths = (
			);
			name = "Copy Pods Resources";
			outputPaths = (
			);
			runOnlyForDeploymentPostprocessing = 0;
			shellPath = /bin/sh;
			shellScript = "\"${SRCROOT}/Pods/Target Support Files/Pods-ProjectTestTests/Pods-ProjectTestTests-resources.sh\"\n";
			showEnvVarsInLog = 0;
		};
/* End PBXShellScriptBuildPhase section */

/* Begin PBXSourcesBuildPhase section */
		D64A6CAA1B0C65C20077B105 /* Sources */ = {
			isa = PBXSourcesBuildPhase;
			buildActionMask = 2147483647;
			files = (
				D6DC729A1B0F2485007A8506 /* PhotoCell+ConfigureForPhoto.m in Sources */,
				D6DC72981B0F2485007A8506 /* PhotoCell.m in Sources */,
				D64A6CBA1B0C65C20077B105 /* ViewController.mm in Sources */,
				D64A6CB71B0C65C20077B105 /* AppDelegate.m in Sources */,
				D6DC72951B0F2485007A8506 /* DetailViewController.m in Sources */,
				D6DC728F1B0F2485007A8506 /* ArrayDataSource.m in Sources */,
				D6DC72681B0F2425007A8506 /* User.m in Sources */,
				D64A6CDF1B0C7C820077B105 /* VVStack.m in Sources */,
				D6DC72671B0F2425007A8506 /* Store.m in Sources */,
				D64A6CB41B0C65C20077B105 /* main.m in Sources */,
				D6DC72971B0F2485007A8506 /* Photo.m in Sources */,
				D6DC729D1B0F2485007A8506 /* PhotosViewController.m in Sources */,
				D6DC72A11B0F2485007A8506 /* RatingCell.m in Sources */,
				D6DC72931B0F2485007A8506 /* DetailsViewController.m in Sources */,
				D6DC729F1B0F2485007A8506 /* PhotoViewController.m in Sources */,
			);
			runOnlyForDeploymentPostprocessing = 0;
		};
		D64A6CC31B0C65C20077B105 /* Sources */ = {
			isa = PBXSourcesBuildPhase;
			buildActionMask = 2147483647;
			files = (
				D6DC72A81B0F249E007A8506 /* ArrayDataSourceSpec.m in Sources */,
				D6DC72AA1B0F249E007A8506 /* PhotosViewControllerSpec.m in Sources */,
				D6DC72A91B0F249E007A8506 /* PhotoCellSpec.m in Sources */,
				D64A6CD91B0C77710077B105 /* SimpleString.m in Sources */,
				D64A6CCE1B0C65C20077B105 /* ProjectTestTests.m in Sources */,
				D6DC72A71B0F249E007A8506 /* ArchiveReadingSpec.m in Sources */,
				D64A6CDC1B0C7C380077B105 /* VVStackSpec.m in Sources */,
			);
			runOnlyForDeploymentPostprocessing = 0;
		};
/* End PBXSourcesBuildPhase section */

/* Begin PBXTargetDependency section */
		D64A6CC91B0C65C20077B105 /* PBXTargetDependency */ = {
			isa = PBXTargetDependency;
			target = D64A6CAD1B0C65C20077B105 /* ProjectTest */;
			targetProxy = D64A6CC81B0C65C20077B105 /* PBXContainerItemProxy */;
		};
/* End PBXTargetDependency section */

/* Begin PBXVariantGroup section */
		D64A6CBB1B0C65C20077B105 /* Main.storyboard */ = {
			isa = PBXVariantGroup;
			children = (
				D64A6CBC1B0C65C20077B105 /* Base */,
			);
			name = Main.storyboard;
			sourceTree = "<group>";
		};
		D64A6CC01B0C65C20077B105 /* LaunchScreen.xib */ = {
			isa = PBXVariantGroup;
			children = (
				D64A6CC11B0C65C20077B105 /* Base */,
			);
			name = LaunchScreen.xib;
			sourceTree = "<group>";
		};
/* End PBXVariantGroup section */

/* Begin XCBuildConfiguration section */
		D64A6CCF1B0C65C20077B105 /* Debug */ = {
			isa = XCBuildConfiguration;
			buildSettings = {
				ALWAYS_SEARCH_USER_PATHS = NO;
				CLANG_CXX_LANGUAGE_STANDARD = "gnu++0x";
				CLANG_CXX_LIBRARY = "libc++";
				CLANG_ENABLE_MODULES = YES;
				CLANG_ENABLE_OBJC_ARC = YES;
				CLANG_WARN_BOOL_CONVERSION = YES;
				CLANG_WARN_CONSTANT_CONVERSION = YES;
				CLANG_WARN_DIRECT_OBJC_ISA_USAGE = YES_ERROR;
				CLANG_WARN_EMPTY_BODY = YES;
				CLANG_WARN_ENUM_CONVERSION = YES;
				CLANG_WARN_INT_CONVERSION = YES;
				CLANG_WARN_OBJC_ROOT_CLASS = YES_ERROR;
				CLANG_WARN_UNREACHABLE_CODE = YES;
				CLANG_WARN__DUPLICATE_METHOD_MATCH = YES;
				"CODE_SIGN_IDENTITY[sdk=iphoneos*]" = "iPhone Developer";
				COPY_PHASE_STRIP = NO;
				DEBUG_INFORMATION_FORMAT = "dwarf-with-dsym";
				ENABLE_STRICT_OBJC_MSGSEND = YES;
				GCC_C_LANGUAGE_STANDARD = gnu99;
				GCC_DYNAMIC_NO_PIC = NO;
				GCC_NO_COMMON_BLOCKS = YES;
				GCC_OPTIMIZATION_LEVEL = 0;
				GCC_PREPROCESSOR_DEFINITIONS = (
					"DEBUG=1",
					"$(inherited)",
				);
				GCC_SYMBOLS_PRIVATE_EXTERN = NO;
				GCC_WARN_64_TO_32_BIT_CONVERSION = YES;
				GCC_WARN_ABOUT_RETURN_TYPE = YES_ERROR;
				GCC_WARN_UNDECLARED_SELECTOR = YES;
				GCC_WARN_UNINITIALIZED_AUTOS = YES_AGGRESSIVE;
				GCC_WARN_UNUSED_FUNCTION = YES;
				GCC_WARN_UNUSED_VARIABLE = YES;
				IPHONEOS_DEPLOYMENT_TARGET = 8.3;
				MTL_ENABLE_DEBUG_INFO = YES;
				ONLY_ACTIVE_ARCH = YES;
				SDKROOT = iphoneos;
			};
			name = Debug;
		};
		D64A6CD01B0C65C20077B105 /* Release */ = {
			isa = XCBuildConfiguration;
			buildSettings = {
				ALWAYS_SEARCH_USER_PATHS = NO;
				CLANG_CXX_LANGUAGE_STANDARD = "gnu++0x";
				CLANG_CXX_LIBRARY = "libc++";
				CLANG_ENABLE_MODULES = YES;
				CLANG_ENABLE_OBJC_ARC = YES;
				CLANG_WARN_BOOL_CONVERSION = YES;
				CLANG_WARN_CONSTANT_CONVERSION = YES;
				CLANG_WARN_DIRECT_OBJC_ISA_USAGE = YES_ERROR;
				CLANG_WARN_EMPTY_BODY = YES;
				CLANG_WARN_ENUM_CONVERSION = YES;
				CLANG_WARN_INT_CONVERSION = YES;
				CLANG_WARN_OBJC_ROOT_CLASS = YES_ERROR;
				CLANG_WARN_UNREACHABLE_CODE = YES;
				CLANG_WARN__DUPLICATE_METHOD_MATCH = YES;
				"CODE_SIGN_IDENTITY[sdk=iphoneos*]" = "iPhone Developer";
				COPY_PHASE_STRIP = NO;
				DEBUG_INFORMATION_FORMAT = "dwarf-with-dsym";
				ENABLE_NS_ASSERTIONS = NO;
				ENABLE_STRICT_OBJC_MSGSEND = YES;
				GCC_C_LANGUAGE_STANDARD = gnu99;
				GCC_NO_COMMON_BLOCKS = YES;
				GCC_WARN_64_TO_32_BIT_CONVERSION = YES;
				GCC_WARN_ABOUT_RETURN_TYPE = YES_ERROR;
				GCC_WARN_UNDECLARED_SELECTOR = YES;
				GCC_WARN_UNINITIALIZED_AUTOS = YES_AGGRESSIVE;
				GCC_WARN_UNUSED_FUNCTION = YES;
				GCC_WARN_UNUSED_VARIABLE = YES;
				IPHONEOS_DEPLOYMENT_TARGET = 8.3;
				MTL_ENABLE_DEBUG_INFO = NO;
				SDKROOT = iphoneos;
				VALIDATE_PRODUCT = YES;
			};
			name = Release;
		};
		D64A6CD21B0C65C20077B105 /* Debug */ = {
			isa = XCBuildConfiguration;
			buildSettings = {
				ASSETCATALOG_COMPILER_APPICON_NAME = AppIcon;
				INFOPLIST_FILE = ProjectTest/Info.plist;
				IPHONEOS_DEPLOYMENT_TARGET = 7.0;
				LD_RUNPATH_SEARCH_PATHS = "$(inherited) @executable_path/Frameworks";
				PRODUCT_NAME = "$(TARGET_NAME)";
			};
			name = Debug;
		};
		D64A6CD31B0C65C20077B105 /* Release */ = {
			isa = XCBuildConfiguration;
			buildSettings = {
				ASSETCATALOG_COMPILER_APPICON_NAME = AppIcon;
				INFOPLIST_FILE = ProjectTest/Info.plist;
				IPHONEOS_DEPLOYMENT_TARGET = 7.0;
				LD_RUNPATH_SEARCH_PATHS = "$(inherited) @executable_path/Frameworks";
				PRODUCT_NAME = "$(TARGET_NAME)";
			};
			name = Release;
		};
		D64A6CD51B0C65C20077B105 /* Debug */ = {
			isa = XCBuildConfiguration;
			baseConfigurationReference = CAF5D48AAC30719660586CF6 /* Pods-ProjectTestTests.debug.xcconfig */;
			buildSettings = {
				BUNDLE_LOADER = "$(TEST_HOST)";
				FRAMEWORK_SEARCH_PATHS = (
					"$(SDKROOT)/Developer/Library/Frameworks",
					"$(inherited)",
				);
				GCC_PREPROCESSOR_DEFINITIONS = (
					"DEBUG=1",
					"$(inherited)",
				);
				INFOPLIST_FILE = ProjectTestTests/Info.plist;
				LD_RUNPATH_SEARCH_PATHS = "$(inherited) @executable_path/Frameworks @loader_path/Frameworks";
				OTHER_LDFLAGS = (
					"$(inherited)",
					"-ObjC",
					"-l\"Pods-ProjectTestTests-Kiwi\"",
					"-framework",
					"\"XCTest\"",
				);
				PRODUCT_NAME = "$(TARGET_NAME)";
				TEST_HOST = "$(BUILT_PRODUCTS_DIR)/ProjectTest.app/ProjectTest";
			};
			name = Debug;
		};
		D64A6CD61B0C65C20077B105 /* Release */ = {
			isa = XCBuildConfiguration;
			baseConfigurationReference = F899AEAF6EBCC7F741009C95 /* Pods-ProjectTestTests.release.xcconfig */;
			buildSettings = {
				BUNDLE_LOADER = "$(TEST_HOST)";
				FRAMEWORK_SEARCH_PATHS = (
					"$(SDKROOT)/Developer/Library/Frameworks",
					"$(inherited)",
				);
				INFOPLIST_FILE = ProjectTestTests/Info.plist;
				LD_RUNPATH_SEARCH_PATHS = "$(inherited) @executable_path/Frameworks @loader_path/Frameworks";
				OTHER_LDFLAGS = (
					"$(inherited)",
					"-ObjC",
					"-l\"Pods-ProjectTestTests-Kiwi\"",
					"-framework",
					"\"XCTest\"",
				);
				PRODUCT_NAME = "$(TARGET_NAME)";
				TEST_HOST = "$(BUILT_PRODUCTS_DIR)/ProjectTest.app/ProjectTest";
			};
			name = Release;
		};
/* End XCBuildConfiguration section */

/* Begin XCConfigurationList section */
		D64A6CA91B0C65C10077B105 /* Build configuration list for PBXProject "ProjectTest" */ = {
			isa = XCConfigurationList;
			buildConfigurations = (
				D64A6CCF1B0C65C20077B105 /* Debug */,
				D64A6CD01B0C65C20077B105 /* Release */,
			);
			defaultConfigurationIsVisible = 0;
			defaultConfigurationName = Release;
		};
		D64A6CD11B0C65C20077B105 /* Build configuration list for PBXNativeTarget "ProjectTest" */ = {
			isa = XCConfigurationList;
			buildConfigurations = (
				D64A6CD21B0C65C20077B105 /* Debug */,
				D64A6CD31B0C65C20077B105 /* Release */,
			);
			defaultConfigurationIsVisible = 0;
			defaultConfigurationName = Release;
		};
		D64A6CD41B0C65C20077B105 /* Build configuration list for PBXNativeTarget "ProjectTestTests" */ = {
			isa = XCConfigurationList;
			buildConfigurations = (
				D64A6CD51B0C65C20077B105 /* Debug */,
				D64A6CD61B0C65C20077B105 /* Release */,
			);
			defaultConfigurationIsVisible = 0;
			defaultConfigurationName = Release;
		};
/* End XCConfigurationList section */
	};
	rootObject = D64A6CA61B0C65C10077B105 /* Project object */;
}
